
Microsoft Visual Studio Solution File, Format Version 12.00
# Visual Studio Version 16
VisualStudioVersion = 16.0.32413.511
MinimumVisualStudioVersion = 10.0.40219.1
Project("{FAE04EC0-301F-11D3-BF4B-00C04F79EFBC}") = "VUV_Projekti", "VUV_Projekti.csproj", "{50F48324-2708-4FB6-B01D-0599F9DDA313}"
EndProject
Global
	GlobalSection(SolutionConfigurationPlatforms) = preSolution
		Debug|Any CPU = Debug|Any CPU
		Release|Any CPU = Release|Any CPU
	EndGlobalSection
	GlobalSection(ProjectConfigurationPlatforms) = postSolution
		{50F48324-2708-4FB6-B01D-0599F9DDA313}.Debug|Any CPU.ActiveCfg = Debug|Any CPU
		{50F48324-2708-4FB6-B01D-0599F9DDA313}.Debug|Any CPU.Build.0 = Debug|Any CPU
		{50F48324-2708-4FB6-B01D-0599F9DDA313}.Release|Any CPU.ActiveCfg = Release|Any CPU
		{50F48324-2708-4FB6-B01D-0599F9DDA313}.Release|Any CPU.Build.0 = Release|Any CPU
	EndGlobalSection
	GlobalSection(SolutionProperties) = preSolution
		HideSolutionNode = FALSE
	EndGlobalSection
	GlobalSection(ExtensibilityGlobals) = postSolution
		SolutionGuid = {5D1CD03F-42D1-4490-A688-A4038A2413CC}
	EndGlobalSection
EndGlobal
